{
  "name": "signette",
  "lockfileVersion": 2,
  "requires": true,
  "packages": {
    "": {
      "dependencies": {
        "@fullcalendar/resource-timeline": "^5.8.0"
      }
    },
    "node_modules/@fullcalendar/common": {
      "version": "5.8.0",
      "resolved": "https://registry.npmjs.org/@fullcalendar/common/-/common-5.8.0.tgz",
      "integrity": "sha512-cKmXNgo/9auw86MOwXxA+5FRrgvbE93C9YDwic+Alfm3bUruDTzJDnuvRndrFVurpSBLm6/ZitaR+yoWKLIsgA==",
      "dependencies": {
        "tslib": "^2.1.0"
      }
    },
    "node_modules/@fullcalendar/premium-common": {
      "version": "5.8.0",
      "resolved": "https://registry.npmjs.org/@fullcalendar/premium-common/-/premium-common-5.8.0.tgz",
      "integrity": "sha512-AZ7ZsZ9qzkm89jUBy7FYMnbfAUA02zcE7UkD+9NKtEdk1gTp01bl4n10VakPJ/KhceJhOWXTvcvMU/m4SJc4bQ==",
      "dependencies": {
        "@fullcalendar/common": "~5.8.0",
        "tslib": "^2.1.0"
      }
    },
    "node_modules/@fullcalendar/resource-common": {
      "version": "5.8.0",
      "resolved": "https://registry.npmjs.org/@fullcalendar/resource-common/-/resource-common-5.8.0.tgz",
      "integrity": "sha512-uHWEZZsIObu05zWKf8hdp+pdVRwR4SyF5Vs2LTpul/9p+mn/zjgmOJuVhLuaKjASDBMVosT0uLBacQvQPekpzg==",
      "dependencies": {
        "@fullcalendar/common": "~5.8.0",
        "@fullcalendar/premium-common": "~5.8.0",
        "tslib": "^2.1.0"
      }
    },
    "node_modules/@fullcalendar/resource-timeline": {
      "version": "5.8.0",
      "resolved": "https://registry.npmjs.org/@fullcalendar/resource-timeline/-/resource-timeline-5.8.0.tgz",
      "integrity": "sha512-T4Li7Zs4vwiVCYNzBkPlsDIjM/bSZBB8OuZy+mmV2bnFa7qW2+8tmCiivrwJMQ+H0ocCq5kI/nm5tVK/mihaZw==",
      "dependencies": {
        "@fullcalendar/common": "~5.8.0",
        "@fullcalendar/premium-common": "~5.8.0",
        "@fullcalendar/resource-common": "~5.8.0",
        "@fullcalendar/scrollgrid": "~5.8.0",
        "@fullcalendar/timeline": "~5.8.0",
        "tslib": "^2.1.0"
      }
    },
    "node_modules/@fullcalendar/scrollgrid": {
      "version": "5.8.0",
      "resolved": "https://registry.npmjs.org/@fullcalendar/scrollgrid/-/scrollgrid-5.8.0.tgz",
      "integrity": "sha512-4Jy32uMCNOMdKpRc5NaOpjb6rvNws0zKf/T/CCoeYXktX47Edi3WK3W8FAZvMBoC04/atWbS3tgimjUBBBKC6g==",
      "dependencies": {
        "@fullcalendar/common": "~5.8.0",
        "@fullcalendar/premium-common": "~5.8.0",
        "tslib": "^2.1.0"
      }
    },
    "node_modules/@fullcalendar/timeline": {
      "version": "5.8.0",
      "resolved": "https://registry.npmjs.org/@fullcalendar/timeline/-/timeline-5.8.0.tgz",
      "integrity": "sha512-8vLa1zRzFS3+FZcWFO54Wo7VBY2oInlFgIRBLqFZBdCBhWcYdGhmugrULWnQJcTvipnzSWoSPa0P4P2C9xD1lw==",
      "dependencies": {
        "@fullcalendar/common": "~5.8.0",
        "@fullcalendar/premium-common": "~5.8.0",
        "@fullcalendar/scrollgrid": "~5.8.0",
        "tslib": "^2.1.0"
      }
    },
    "node_modules/tslib": {
      "version": "2.3.0",
      "resolved": "https://registry.npmjs.org/tslib/-/tslib-2.3.0.tgz",
      "integrity": "sha512-N82ooyxVNm6h1riLCoyS9e3fuJ3AMG2zIZs2Gd1ATcSFjSA23Q0fzjjZeh0jbJvWVDZ0cJT8yaNNaaXHzueNjg=="
    }
  },
  "dependencies": {
    "@fullcalendar/common": {
      "version": "5.8.0",
      "resolved": "https://registry.npmjs.org/@fullcalendar/common/-/common-5.8.0.tgz",
      "integrity": "sha512-cKmXNgo/9auw86MOwXxA+5FRrgvbE93C9YDwic+Alfm3bUruDTzJDnuvRndrFVurpSBLm6/ZitaR+yoWKLIsgA==",
      "requires": {
        "tslib": "^2.1.0"
      }
    },
    "@fullcalendar/premium-common": {
      "version": "5.8.0",
      "resolved": "https://registry.npmjs.org/@fullcalendar/premium-common/-/premium-common-5.8.0.tgz",
      "integrity": "sha512-AZ7ZsZ9qzkm89jUBy7FYMnbfAUA02zcE7UkD+9NKtEdk1gTp01bl4n10VakPJ/KhceJhOWXTvcvMU/m4SJc4bQ==",
      "requires": {
        "@fullcalendar/common": "~5.8.0",
        "tslib": "^2.1.0"
      }
    },
    "@fullcalendar/resource-common": {
      "version": "5.8.0",
      "resolved": "https://registry.npmjs.org/@fullcalendar/resource-common/-/resource-common-5.8.0.tgz",
      "integrity": "sha512-uHWEZZsIObu05zWKf8hdp+pdVRwR4SyF5Vs2LTpul/9p+mn/zjgmOJuVhLuaKjASDBMVosT0uLBacQvQPekpzg==",
      "requires": {
        "@fullcalendar/common": "~5.8.0",
        "@fullcalendar/premium-common": "~5.8.0",
        "tslib": "^2.1.0"
      }
    },
    "@fullcalendar/resource-timeline": {
      "version": "5.8.0",
      "resolved": "https://registry.npmjs.org/@fullcalendar/resource-timeline/-/resource-timeline-5.8.0.tgz",
      "integrity": "sha512-T4Li7Zs4vwiVCYNzBkPlsDIjM/bSZBB8OuZy+mmV2bnFa7qW2+8tmCiivrwJMQ+H0ocCq5kI/nm5tVK/mihaZw==",
      "requires": {
        "@fullcalendar/common": "~5.8.0",
        "@fullcalendar/premium-common": "~5.8.0",
        "@fullcalendar/resource-common": "~5.8.0",
        "@fullcalendar/scrollgrid": "~5.8.0",
        "@fullcalendar/timeline": "~5.8.0",
        "tslib": "^2.1.0"
      }
    },
    "@fullcalendar/scrollgrid": {
      "version": "5.8.0",
      "resolved": "https://registry.npmjs.org/@fullcalendar/scrollgrid/-/scrollgrid-5.8.0.tgz",
      "integrity": "sha512-4Jy32uMCNOMdKpRc5NaOpjb6rvNws0zKf/T/CCoeYXktX47Edi3WK3W8FAZvMBoC04/atWbS3tgimjUBBBKC6g==",
      "requires": {
        "@fullcalendar/common": "~5.8.0",
        "@fullcalendar/premium-common": "~5.8.0",
        "tslib": "^2.1.0"
      }
    },
    "@fullcalendar/timeline": {
      "version": "5.8.0",
      "resolved": "https://registry.npmjs.org/@fullcalendar/timeline/-/timeline-5.8.0.tgz",
      "integrity": "sha512-8vLa1zRzFS3+FZcWFO54Wo7VBY2oInlFgIRBLqFZBdCBhWcYdGhmugrULWnQJcTvipnzSWoSPa0P4P2C9xD1lw==",
      "requires": {
        "@fullcalendar/common": "~5.8.0",
        "@fullcalendar/premium-common": "~5.8.0",
        "@fullcalendar/scrollgrid": "~5.8.0",
        "tslib": "^2.1.0"
      }
    },
    "tslib": {
      "version": "2.3.0",
      "resolved": "https://registry.npmjs.org/tslib/-/tslib-2.3.0.tgz",
      "integrity": "sha512-N82ooyxVNm6h1riLCoyS9e3fuJ3AMG2zIZs2Gd1ATcSFjSA23Q0fzjjZeh0jbJvWVDZ0cJT8yaNNaaXHzueNjg=="
    }
  }
}
